Microsoft Visual Studio Solution File, Format Version 12.00
# Visual Studio Version 17
VisualStudioVersion = 17.5.2.0
MinimumVisualStudioVersion = 10.0.40219.1
Project("{FAE04EC0-301F-11D3-BF4B-00C04F79EFBC}") = "Mindflow Web API", "Mindflow Web API.csproj", "{1CDC0E30-F353-1A41-5324-CB4282490349}"
EndProject
Global
	GlobalSection(SolutionConfigurationPlatforms) = preSolution
		Debug|Any CPU = Debug|Any CPU
		Release|Any CPU = Release|Any CPU
	EndGlobalSection
	GlobalSection(ProjectConfigurationPlatforms) = postSolution
		{1CDC0E30-F353-1A41-5324-CB4282490349}.Debug|Any CPU.ActiveCfg = Debug|Any CPU
		{1CDC0E30-F353-1A41-5324-CB4282490349}.Debug|Any CPU.Build.0 = Debug|Any CPU
		{1CDC0E30-F353-1A41-5324-CB4282490349}.Release|Any CPU.ActiveCfg = Release|Any CPU
		{1CDC0E30-F353-1A41-5324-CB4282490349}.Release|Any CPU.Build.0 = Release|Any CPU
	EndGlobalSection
	GlobalSection(SolutionProperties) = preSolution
		HideSolutionNode = FALSE
	EndGlobalSection
	GlobalSection(ExtensibilityGlobals) = postSolution
		SolutionGuid = {FEC153DE-2B5E-4DA9-B76E-2F748B2C3D0F}
	EndGlobalSection
EndGlobal
